
Microsoft Visual Studio Solution File, Format Version 12.00
# Visual Studio 2015
Project("{FAE04EC0-301F-11D3-BF4B-00C04F79EFBC}") = "FYP_IDEA1.CSharp.Plugins", "FYP_IDEA1.CSharp.Plugins.csproj", "{F48B5CB8-B70F-CCEE-3FC6-88B1AA3DD1FF}"
EndProject
Project("{FAE04EC0-301F-11D3-BF4B-00C04F79EFBC}") = "FYP_IDEA1.CSharp", "FYP_IDEA1.CSharp.csproj", "{0D48E212-2576-852B-60F2-031F3407A282}"
EndProject
Project("{FAE04EC0-301F-11D3-BF4B-00C04F79EFBC}") = "FYP_IDEA1.CSharp.Editor.Plugins", "FYP_IDEA1.CSharp.Editor.Plugins.csproj", "{F2A741ED-B131-8669-2284-19494BCABA75}"
EndProject
Project("{FAE04EC0-301F-11D3-BF4B-00C04F79EFBC}") = "FYP_IDEA1.CSharp.Editor", "FYP_IDEA1.CSharp.Editor.csproj", "{1D70A6DE-BAA1-A050-4F57-8BA064437CF4}"
EndProject
Global
	GlobalSection(SolutionConfigurationPlatforms) = preSolution
		Debug|Any CPU = Debug|Any CPU
		Release|Any CPU = Release|Any CPU
	EndGlobalSection
	GlobalSection(ProjectConfigurationPlatforms) = postSolution
		{F48B5CB8-B70F-CCEE-3FC6-88B1AA3DD1FF}.Debug|Any CPU.ActiveCfg = Debug|Any CPU
		{F48B5CB8-B70F-CCEE-3FC6-88B1AA3DD1FF}.Debug|Any CPU.Build.0 = Debug|Any CPU
		{F48B5CB8-B70F-CCEE-3FC6-88B1AA3DD1FF}.Release|Any CPU.ActiveCfg = Release|Any CPU
		{F48B5CB8-B70F-CCEE-3FC6-88B1AA3DD1FF}.Release|Any CPU.Build.0 = Release|Any CPU
		{0D48E212-2576-852B-60F2-031F3407A282}.Debug|Any CPU.ActiveCfg = Debug|Any CPU
		{0D48E212-2576-852B-60F2-031F3407A282}.Debug|Any CPU.Build.0 = Debug|Any CPU
		{0D48E212-2576-852B-60F2-031F3407A282}.Release|Any CPU.ActiveCfg = Release|Any CPU
		{0D48E212-2576-852B-60F2-031F3407A282}.Release|Any CPU.Build.0 = Release|Any CPU
		{F2A741ED-B131-8669-2284-19494BCABA75}.Debug|Any CPU.ActiveCfg = Debug|Any CPU
		{F2A741ED-B131-8669-2284-19494BCABA75}.Debug|Any CPU.Build.0 = Debug|Any CPU
		{F2A741ED-B131-8669-2284-19494BCABA75}.Release|Any CPU.ActiveCfg = Release|Any CPU
		{F2A741ED-B131-8669-2284-19494BCABA75}.Release|Any CPU.Build.0 = Release|Any CPU
		{1D70A6DE-BAA1-A050-4F57-8BA064437CF4}.Debug|Any CPU.ActiveCfg = Debug|Any CPU
		{1D70A6DE-BAA1-A050-4F57-8BA064437CF4}.Debug|Any CPU.Build.0 = Debug|Any CPU
		{1D70A6DE-BAA1-A050-4F57-8BA064437CF4}.Release|Any CPU.ActiveCfg = Release|Any CPU
		{1D70A6DE-BAA1-A050-4F57-8BA064437CF4}.Release|Any CPU.Build.0 = Release|Any CPU
	EndGlobalSection
	GlobalSection(SolutionProperties) = preSolution
		HideSolutionNode = FALSE
	EndGlobalSection
EndGlobal
