
Microsoft Visual Studio Solution File, Format Version 12.00
# Visual Studio 2015
Project("{FAE04EC0-301F-11D3-BF4B-00C04F79EFBC}") = "FYP_IDEA2.CSharp.Plugins", "FYP_IDEA2.CSharp.Plugins.csproj", "{C6B63D89-D46D-DE61-0796-4C069EAE4ADC}"
EndProject
Project("{FAE04EC0-301F-11D3-BF4B-00C04F79EFBC}") = "FYP_IDEA2.CSharp", "FYP_IDEA2.CSharp.csproj", "{980A58E4-9CA0-77D1-27C4-F39AA2671E27}"
EndProject
Project("{FAE04EC0-301F-11D3-BF4B-00C04F79EFBC}") = "FYP_IDEA2.CSharp.Editor.Plugins", "FYP_IDEA2.CSharp.Editor.Plugins.csproj", "{B7A04270-5204-8ABF-7081-B36FB8787975}"
EndProject
Project("{FAE04EC0-301F-11D3-BF4B-00C04F79EFBC}") = "FYP_IDEA2.CSharp.Editor", "FYP_IDEA2.CSharp.Editor.csproj", "{FA532AC3-DF41-B965-0F0B-B616C291C92E}"
EndProject
Global
	GlobalSection(SolutionConfigurationPlatforms) = preSolution
		Debug|Any CPU = Debug|Any CPU
		Release|Any CPU = Release|Any CPU
	EndGlobalSection
	GlobalSection(ProjectConfigurationPlatforms) = postSolution
		{C6B63D89-D46D-DE61-0796-4C069EAE4ADC}.Debug|Any CPU.ActiveCfg = Debug|Any CPU
		{C6B63D89-D46D-DE61-0796-4C069EAE4ADC}.Debug|Any CPU.Build.0 = Debug|Any CPU
		{C6B63D89-D46D-DE61-0796-4C069EAE4ADC}.Release|Any CPU.ActiveCfg = Release|Any CPU
		{C6B63D89-D46D-DE61-0796-4C069EAE4ADC}.Release|Any CPU.Build.0 = Release|Any CPU
		{980A58E4-9CA0-77D1-27C4-F39AA2671E27}.Debug|Any CPU.ActiveCfg = Debug|Any CPU
		{980A58E4-9CA0-77D1-27C4-F39AA2671E27}.Debug|Any CPU.Build.0 = Debug|Any CPU
		{980A58E4-9CA0-77D1-27C4-F39AA2671E27}.Release|Any CPU.ActiveCfg = Release|Any CPU
		{980A58E4-9CA0-77D1-27C4-F39AA2671E27}.Release|Any CPU.Build.0 = Release|Any CPU
		{B7A04270-5204-8ABF-7081-B36FB8787975}.Debug|Any CPU.ActiveCfg = Debug|Any CPU
		{B7A04270-5204-8ABF-7081-B36FB8787975}.Debug|Any CPU.Build.0 = Debug|Any CPU
		{B7A04270-5204-8ABF-7081-B36FB8787975}.Release|Any CPU.ActiveCfg = Release|Any CPU
		{B7A04270-5204-8ABF-7081-B36FB8787975}.Release|Any CPU.Build.0 = Release|Any CPU
		{FA532AC3-DF41-B965-0F0B-B616C291C92E}.Debug|Any CPU.ActiveCfg = Debug|Any CPU
		{FA532AC3-DF41-B965-0F0B-B616C291C92E}.Debug|Any CPU.Build.0 = Debug|Any CPU
		{FA532AC3-DF41-B965-0F0B-B616C291C92E}.Release|Any CPU.ActiveCfg = Release|Any CPU
		{FA532AC3-DF41-B965-0F0B-B616C291C92E}.Release|Any CPU.Build.0 = Release|Any CPU
	EndGlobalSection
	GlobalSection(SolutionProperties) = preSolution
		HideSolutionNode = FALSE
	EndGlobalSection
EndGlobal
