Microsoft Visual Studio Solution File, Format Version 11.00
# Visual Studio 2008

Project("{DE055B05-7F2C-F402-B6C5-5F38F637BFDF}") = "FYP_IDEA2", "Assembly-CSharp-firstpass.csproj", "{30284193-A61A-0522-D585-25C87B15D994}"
EndProject
Project("{DE055B05-7F2C-F402-B6C5-5F38F637BFDF}") = "FYP_IDEA2", "Assembly-CSharp.csproj", "{4AE6B6E0-C3DF-BE71-E138-37ADDBBC38AE}"
EndProject
Project("{DE055B05-7F2C-F402-B6C5-5F38F637BFDF}") = "FYP_IDEA2", "Assembly-CSharp-Editor-firstpass.csproj", "{A251F0F8-5EAC-FBF0-4E92-EAE936BFD444}"
EndProject
Project("{DE055B05-7F2C-F402-B6C5-5F38F637BFDF}") = "FYP_IDEA2", "Assembly-CSharp-Editor.csproj", "{9E862A8B-4BFB-6A2F-E2C8-D7997AC821A5}"
EndProject
Global
	GlobalSection(SolutionConfigurationPlatforms) = preSolution
		Debug|Any CPU = Debug|Any CPU
		Release|Any CPU = Release|Any CPU
	EndGlobalSection
	GlobalSection(ProjectConfigurationPlatforms) = postSolution
		{30284193-A61A-0522-D585-25C87B15D994}.Debug|Any CPU.ActiveCfg = Debug|Any CPU
		{30284193-A61A-0522-D585-25C87B15D994}.Debug|Any CPU.Build.0 = Debug|Any CPU
		{30284193-A61A-0522-D585-25C87B15D994}.Release|Any CPU.ActiveCfg = Release|Any CPU
		{30284193-A61A-0522-D585-25C87B15D994}.Release|Any CPU.Build.0 = Release|Any CPU
		{4AE6B6E0-C3DF-BE71-E138-37ADDBBC38AE}.Debug|Any CPU.ActiveCfg = Debug|Any CPU
		{4AE6B6E0-C3DF-BE71-E138-37ADDBBC38AE}.Debug|Any CPU.Build.0 = Debug|Any CPU
		{4AE6B6E0-C3DF-BE71-E138-37ADDBBC38AE}.Release|Any CPU.ActiveCfg = Release|Any CPU
		{4AE6B6E0-C3DF-BE71-E138-37ADDBBC38AE}.Release|Any CPU.Build.0 = Release|Any CPU
		{A251F0F8-5EAC-FBF0-4E92-EAE936BFD444}.Debug|Any CPU.ActiveCfg = Debug|Any CPU
		{A251F0F8-5EAC-FBF0-4E92-EAE936BFD444}.Debug|Any CPU.Build.0 = Debug|Any CPU
		{A251F0F8-5EAC-FBF0-4E92-EAE936BFD444}.Release|Any CPU.ActiveCfg = Release|Any CPU
		{A251F0F8-5EAC-FBF0-4E92-EAE936BFD444}.Release|Any CPU.Build.0 = Release|Any CPU
		{9E862A8B-4BFB-6A2F-E2C8-D7997AC821A5}.Debug|Any CPU.ActiveCfg = Debug|Any CPU
		{9E862A8B-4BFB-6A2F-E2C8-D7997AC821A5}.Debug|Any CPU.Build.0 = Debug|Any CPU
		{9E862A8B-4BFB-6A2F-E2C8-D7997AC821A5}.Release|Any CPU.ActiveCfg = Release|Any CPU
		{9E862A8B-4BFB-6A2F-E2C8-D7997AC821A5}.Release|Any CPU.Build.0 = Release|Any CPU
	EndGlobalSection
	GlobalSection(SolutionProperties) = preSolution
		HideSolutionNode = FALSE
	EndGlobalSection
	GlobalSection(MonoDevelopProperties) = preSolution
		StartupItem = Assembly-CSharp.csproj
	EndGlobalSection
EndGlobal
