Microsoft Visual Studio Solution File, Format Version 11.00
# Visual Studio 2008

Project("{D6AE07E5-1580-D8B5-1F5F-C0BF1291BCB8}") = "FYP_IDEA1", "Assembly-CSharp-firstpass.csproj", "{56EE092C-F53F-4F09-5420-776C3EB7281C}"
EndProject
Project("{D6AE07E5-1580-D8B5-1F5F-C0BF1291BCB8}") = "FYP_IDEA1", "Assembly-CSharp.csproj", "{721EBF0A-3C9A-F03E-1544-9DDA698457B8}"
EndProject
Project("{D6AE07E5-1580-D8B5-1F5F-C0BF1291BCB8}") = "FYP_IDEA1", "Assembly-CSharp-Editor-firstpass.csproj", "{2304A089-F877-CCEC-A5A6-4722973DC608}"
EndProject
Project("{D6AE07E5-1580-D8B5-1F5F-C0BF1291BCB8}") = "FYP_IDEA1", "Assembly-CSharp-Editor.csproj", "{7FEC7492-AE11-0AD0-2D2C-06D7C1F26EFD}"
EndProject
Global
	GlobalSection(SolutionConfigurationPlatforms) = preSolution
		Debug|Any CPU = Debug|Any CPU
		Release|Any CPU = Release|Any CPU
	EndGlobalSection
	GlobalSection(ProjectConfigurationPlatforms) = postSolution
		{56EE092C-F53F-4F09-5420-776C3EB7281C}.Debug|Any CPU.ActiveCfg = Debug|Any CPU
		{56EE092C-F53F-4F09-5420-776C3EB7281C}.Debug|Any CPU.Build.0 = Debug|Any CPU
		{56EE092C-F53F-4F09-5420-776C3EB7281C}.Release|Any CPU.ActiveCfg = Release|Any CPU
		{56EE092C-F53F-4F09-5420-776C3EB7281C}.Release|Any CPU.Build.0 = Release|Any CPU
		{721EBF0A-3C9A-F03E-1544-9DDA698457B8}.Debug|Any CPU.ActiveCfg = Debug|Any CPU
		{721EBF0A-3C9A-F03E-1544-9DDA698457B8}.Debug|Any CPU.Build.0 = Debug|Any CPU
		{721EBF0A-3C9A-F03E-1544-9DDA698457B8}.Release|Any CPU.ActiveCfg = Release|Any CPU
		{721EBF0A-3C9A-F03E-1544-9DDA698457B8}.Release|Any CPU.Build.0 = Release|Any CPU
		{2304A089-F877-CCEC-A5A6-4722973DC608}.Debug|Any CPU.ActiveCfg = Debug|Any CPU
		{2304A089-F877-CCEC-A5A6-4722973DC608}.Debug|Any CPU.Build.0 = Debug|Any CPU
		{2304A089-F877-CCEC-A5A6-4722973DC608}.Release|Any CPU.ActiveCfg = Release|Any CPU
		{2304A089-F877-CCEC-A5A6-4722973DC608}.Release|Any CPU.Build.0 = Release|Any CPU
		{7FEC7492-AE11-0AD0-2D2C-06D7C1F26EFD}.Debug|Any CPU.ActiveCfg = Debug|Any CPU
		{7FEC7492-AE11-0AD0-2D2C-06D7C1F26EFD}.Debug|Any CPU.Build.0 = Debug|Any CPU
		{7FEC7492-AE11-0AD0-2D2C-06D7C1F26EFD}.Release|Any CPU.ActiveCfg = Release|Any CPU
		{7FEC7492-AE11-0AD0-2D2C-06D7C1F26EFD}.Release|Any CPU.Build.0 = Release|Any CPU
	EndGlobalSection
	GlobalSection(SolutionProperties) = preSolution
		HideSolutionNode = FALSE
	EndGlobalSection
	GlobalSection(MonoDevelopProperties) = preSolution
		StartupItem = Assembly-CSharp.csproj
	EndGlobalSection
EndGlobal
